
Microsoft Visual Studio Solution File, Format Version 12.00
# Visual Studio 15
VisualStudioVersion = 15.0.27004.2010
MinimumVisualStudioVersion = 10.0.40219.1
Project("{FAE04EC0-301F-11D3-BF4B-00C04F79EFBC}") = "ConsoleApp", "ConsoleApp\ConsoleApp.csproj", "{CFB0ECC4-CDD8-4CA2-AEF9-70BFE7B62671}"
EndProject
Project("{FAE04EC0-301F-11D3-BF4B-00C04F79EFBC}") = "PaperNSTest", "PaperNSTest\PaperNSTest.csproj", "{720319F0-80F0-42A2-98A6-9ADBE5BE5D50}"
EndProject
Project("{9A19103F-16F7-4668-BE54-9A1E7A4F7556}") = "PaperNS", "PaperLib\PaperNS.csproj", "{65BBEC64-9562-4D48-A754-5A66BA14F39A}"
EndProject
Global
	GlobalSection(SolutionConfigurationPlatforms) = preSolution
		Debug|Any CPU = Debug|Any CPU
		Release|Any CPU = Release|Any CPU
	EndGlobalSection
	GlobalSection(ProjectConfigurationPlatforms) = postSolution
		{CFB0ECC4-CDD8-4CA2-AEF9-70BFE7B62671}.Debug|Any CPU.ActiveCfg = Debug|Any CPU
		{CFB0ECC4-CDD8-4CA2-AEF9-70BFE7B62671}.Debug|Any CPU.Build.0 = Debug|Any CPU
		{CFB0ECC4-CDD8-4CA2-AEF9-70BFE7B62671}.Release|Any CPU.ActiveCfg = Release|Any CPU
		{CFB0ECC4-CDD8-4CA2-AEF9-70BFE7B62671}.Release|Any CPU.Build.0 = Release|Any CPU
		{720319F0-80F0-42A2-98A6-9ADBE5BE5D50}.Debug|Any CPU.ActiveCfg = Debug|Any CPU
		{720319F0-80F0-42A2-98A6-9ADBE5BE5D50}.Debug|Any CPU.Build.0 = Debug|Any CPU
		{720319F0-80F0-42A2-98A6-9ADBE5BE5D50}.Release|Any CPU.ActiveCfg = Release|Any CPU
		{720319F0-80F0-42A2-98A6-9ADBE5BE5D50}.Release|Any CPU.Build.0 = Release|Any CPU
		{65BBEC64-9562-4D48-A754-5A66BA14F39A}.Debug|Any CPU.ActiveCfg = Debug|Any CPU
		{65BBEC64-9562-4D48-A754-5A66BA14F39A}.Debug|Any CPU.Build.0 = Debug|Any CPU
		{65BBEC64-9562-4D48-A754-5A66BA14F39A}.Release|Any CPU.ActiveCfg = Release|Any CPU
		{65BBEC64-9562-4D48-A754-5A66BA14F39A}.Release|Any CPU.Build.0 = Release|Any CPU
	EndGlobalSection
	GlobalSection(SolutionProperties) = preSolution
		HideSolutionNode = FALSE
	EndGlobalSection
	GlobalSection(ExtensibilityGlobals) = postSolution
		SolutionGuid = {036B2C85-6C05-4F84-936A-7EC9A2142F08}
	EndGlobalSection
EndGlobal
